
Microsoft Visual Studio Solution File, Format Version 12.00
# Visual Studio Version 17
VisualStudioVersion = 17.0.31903.59
MinimumVisualStudioVersion = 10.0.40219.1
Project("{9A19103F-16F7-4668-BE54-9A1E7A4F7556}") = "Day1", "Day1\Day1.csproj", "{95B3D3D3-7C23-4A7D-9CA8-2EAD4504A8B2}"
EndProject
Project("{9A19103F-16F7-4668-BE54-9A1E7A4F7556}") = "Day2", "..\..\Day2\Day2.csproj", "{EC4542BE-8DBB-45FA-904B-838A49A26C4D}"
EndProject
Project("{FAE04EC0-301F-11D3-BF4B-00C04F79EFBC}") = "Day3", "Day3\Day3.csproj", "{51A0118D-C970-4E13-A405-5DE910867AE7}"
EndProject
Global
	GlobalSection(SolutionConfigurationPlatforms) = preSolution
		Debug|Any CPU = Debug|Any CPU
		Release|Any CPU = Release|Any CPU
	EndGlobalSection
	GlobalSection(ProjectConfigurationPlatforms) = postSolution
		{95B3D3D3-7C23-4A7D-9CA8-2EAD4504A8B2}.Debug|Any CPU.ActiveCfg = Debug|Any CPU
		{95B3D3D3-7C23-4A7D-9CA8-2EAD4504A8B2}.Debug|Any CPU.Build.0 = Debug|Any CPU
		{95B3D3D3-7C23-4A7D-9CA8-2EAD4504A8B2}.Release|Any CPU.ActiveCfg = Release|Any CPU
		{95B3D3D3-7C23-4A7D-9CA8-2EAD4504A8B2}.Release|Any CPU.Build.0 = Release|Any CPU
		{EC4542BE-8DBB-45FA-904B-838A49A26C4D}.Debug|Any CPU.ActiveCfg = Debug|Any CPU
		{EC4542BE-8DBB-45FA-904B-838A49A26C4D}.Debug|Any CPU.Build.0 = Debug|Any CPU
		{EC4542BE-8DBB-45FA-904B-838A49A26C4D}.Release|Any CPU.ActiveCfg = Release|Any CPU
		{EC4542BE-8DBB-45FA-904B-838A49A26C4D}.Release|Any CPU.Build.0 = Release|Any CPU
		{51A0118D-C970-4E13-A405-5DE910867AE7}.Debug|Any CPU.ActiveCfg = Debug|Any CPU
		{51A0118D-C970-4E13-A405-5DE910867AE7}.Debug|Any CPU.Build.0 = Debug|Any CPU
		{51A0118D-C970-4E13-A405-5DE910867AE7}.Release|Any CPU.ActiveCfg = Release|Any CPU
		{51A0118D-C970-4E13-A405-5DE910867AE7}.Release|Any CPU.Build.0 = Release|Any CPU
	EndGlobalSection
	GlobalSection(SolutionProperties) = preSolution
		HideSolutionNode = FALSE
	EndGlobalSection
	GlobalSection(ExtensibilityGlobals) = postSolution
		SolutionGuid = {2941AAFB-92AB-4641-BEA5-0A90E6E6A929}
	EndGlobalSection
EndGlobal
